version = 1
requires-python = ">=3.12"

[[package]]
name = "autoflake"
version = "2.3.1"
source = { registry = "https://pypi.org/simple" }
dependencies = [
    { name = "pyflakes" },
]
sdist = { url = "https://files.pythonhosted.org/packages/2a/cb/486f912d6171bc5748c311a2984a301f4e2d054833a1da78485866c71522/autoflake-2.3.1.tar.gz", hash = "sha256:c98b75dc5b0a86459c4f01a1d32ac7eb4338ec4317a4469515ff1e687ecd909e", size = 27642 }
wheels = [
    { url = "https://files.pythonhosted.org/packages/a2/ee/3fd29bf416eb4f1c5579cf12bf393ae954099258abd7bde03c4f9716ef6b/autoflake-2.3.1-py3-none-any.whl", hash = "sha256:3ae7495db9084b7b32818b4140e6dc4fc280b712fb414f5b8fe57b0a8e85a840", size = 32483 },
]

[[package]]
name = "autoimport"
version = "1.5.0"
source = { registry = "https://pypi.org/simple" }
dependencies = [
    { name = "autoflake" },
    { name = "click" },
    { name = "maison" },
    { name = "pyprojroot" },
    { name = "sh" },
    { name = "xdg" },
]
sdist = { url = "https://files.pythonhosted.org/packages/f9/88/723a04efcbd782e44ef5b8c1815674dc3fbb2f27bf705d06114542ee6009/autoimport-1.5.0.tar.gz", hash = "sha256:c136a3944d2267d5f6f228221956b55b55a53bd9c43b0719d08e3a0252a35e9a", size = 31439 }
wheels = [
    { url = "https://files.pythonhosted.org/packages/11/d5/ea66c44714b2955b56839737886c01f11f3032222d6745b120e2118068d6/autoimport-1.5.0-py3-none-any.whl", hash = "sha256:8966768b35219fdcf457c708391072bbd38da134253f376d07d72822bd73a8de", size = 23927 },
]

[[package]]
name = "beautifulsoup4"
version = "4.12.3"
source = { registry = "https://pypi.org/simple" }
dependencies = [
    { name = "soupsieve" },
]
sdist = { url = "https://files.pythonhosted.org/packages/b3/ca/824b1195773ce6166d388573fc106ce56d4a805bd7427b624e063596ec58/beautifulsoup4-4.12.3.tar.gz", hash = "sha256:74e3d1928edc070d21748185c46e3fb33490f22f52a3addee9aee0f4f7781051", size = 581181 }
wheels = [
    { url = "https://files.pythonhosted.org/packages/b1/fe/e8c672695b37eecc5cbf43e1d0638d88d66ba3a44c4d321c796f4e59167f/beautifulsoup4-4.12.3-py3-none-any.whl", hash = "sha256:b80878c9f40111313e55da8ba20bdba06d8fa3969fc68304167741bbf9e082ed", size = 147925 },
]

[[package]]
name = "certifi"
version = "2025.1.31"
source = { registry = "https://pypi.org/simple" }
sdist = { url = "https://files.pythonhosted.org/packages/1c/ab/c9f1e32b7b1bf505bf26f0ef697775960db7932abeb7b516de930ba2705f/certifi-2025.1.31.tar.gz", hash = "sha256:3d5da6925056f6f18f119200434a4780a94263f10d1c21d032a6f6b2baa20651", size = 167577 }
wheels = [
    { url = "https://files.pythonhosted.org/packages/38/fc/bce832fd4fd99766c04d1ee0eead6b0ec6486fb100ae5e74c1d91292b982/certifi-2025.1.31-py3-none-any.whl", hash = "sha256:ca78db4565a652026a4db2bcdf68f2fb589ea80d0be70e03929ed730746b84fe", size = 166393 },
]

[[package]]
name = "charset-normalizer"
version = "3.4.1"
source = { registry = "https://pypi.org/simple" }
sdist = { url = "https://files.pythonhosted.org/packages/16/b0/572805e227f01586461c80e0fd25d65a2115599cc9dad142fee4b747c357/charset_normalizer-3.4.1.tar.gz", hash = "sha256:44251f18cd68a75b56585dd00dae26183e102cd5e0f9f1466e6df5da2ed64ea3", size = 123188 }
wheels = [
    { url = "https://files.pythonhosted.org/packages/0a/9a/dd1e1cdceb841925b7798369a09279bd1cf183cef0f9ddf15a3a6502ee45/charset_normalizer-3.4.1-cp312-cp312-macosx_10_13_universal2.whl", hash = "sha256:73d94b58ec7fecbc7366247d3b0b10a21681004153238750bb67bd9012414545", size = 196105 },
    { url = "https://files.pythonhosted.org/packages/d3/8c/90bfabf8c4809ecb648f39794cf2a84ff2e7d2a6cf159fe68d9a26160467/charset_normalizer-3.4.1-cp312-cp312-manylinux_2_17_aarch64.manylinux2014_aarch64.whl", hash = "sha256:dad3e487649f498dd991eeb901125411559b22e8d7ab25d3aeb1af367df5efd7", size = 140404 },
    { url = "https://files.pythonhosted.org/packages/ad/8f/e410d57c721945ea3b4f1a04b74f70ce8fa800d393d72899f0a40526401f/charset_normalizer-3.4.1-cp312-cp312-manylinux_2_17_ppc64le.manylinux2014_ppc64le.whl", hash = "sha256:c30197aa96e8eed02200a83fba2657b4c3acd0f0aa4bdc9f6c1af8e8962e0757", size = 150423 },
    { url = "https://files.pythonhosted.org/packages/f0/b8/e6825e25deb691ff98cf5c9072ee0605dc2acfca98af70c2d1b1bc75190d/charset_normalizer-3.4.1-cp312-cp312-manylinux_2_17_s390x.manylinux2014_s390x.whl", hash = "sha256:2369eea1ee4a7610a860d88f268eb39b95cb588acd7235e02fd5a5601773d4fa", size = 143184 },
    { url = "https://files.pythonhosted.org/packages/3e/a2/513f6cbe752421f16d969e32f3583762bfd583848b763913ddab8d9bfd4f/charset_normalizer-3.4.1-cp312-cp312-manylinux_2_17_x86_64.manylinux2014_x86_64.whl", hash = "sha256:bc2722592d8998c870fa4e290c2eec2c1569b87fe58618e67d38b4665dfa680d", size = 145268 },
    { url = "https://files.pythonhosted.org/packages/74/94/8a5277664f27c3c438546f3eb53b33f5b19568eb7424736bdc440a88a31f/charset_normalizer-3.4.1-cp312-cp312-manylinux_2_5_i686.manylinux1_i686.manylinux_2_17_i686.manylinux2014_i686.whl", hash = "sha256:ffc9202a29ab3920fa812879e95a9e78b2465fd10be7fcbd042899695d75e616", size = 147601 },
    { url = "https://files.pythonhosted.org/packages/7c/5f/6d352c51ee763623a98e31194823518e09bfa48be2a7e8383cf691bbb3d0/charset_normalizer-3.4.1-cp312-cp312-musllinux_1_2_aarch64.whl", hash = "sha256:804a4d582ba6e5b747c625bf1255e6b1507465494a40a2130978bda7b932c90b", size = 141098 },
    { url = "https://files.pythonhosted.org/packages/78/d4/f5704cb629ba5ab16d1d3d741396aec6dc3ca2b67757c45b0599bb010478/charset_normalizer-3.4.1-cp312-cp312-musllinux_1_2_i686.whl", hash = "sha256:0f55e69f030f7163dffe9fd0752b32f070566451afe180f99dbeeb81f511ad8d", size = 149520 },
    { url = "https://files.pythonhosted.org/packages/c5/96/64120b1d02b81785f222b976c0fb79a35875457fa9bb40827678e54d1bc8/charset_normalizer-3.4.1-cp312-cp312-musllinux_1_2_ppc64le.whl", hash = "sha256:c4c3e6da02df6fa1410a7680bd3f63d4f710232d3139089536310d027950696a", size = 152852 },
    { url = "https://files.pythonhosted.org/packages/84/c9/98e3732278a99f47d487fd3468bc60b882920cef29d1fa6ca460a1fdf4e6/charset_normalizer-3.4.1-cp312-cp312-musllinux_1_2_s390x.whl", hash = "sha256:5df196eb874dae23dcfb968c83d4f8fdccb333330fe1fc278ac5ceeb101003a9", size = 150488 },
    { url = "https://files.pythonhosted.org/packages/13/0e/9c8d4cb99c98c1007cc11eda969ebfe837bbbd0acdb4736d228ccaabcd22/charset_normalizer-3.4.1-cp312-cp312-musllinux_1_2_x86_64.whl", hash = "sha256:e358e64305fe12299a08e08978f51fc21fac060dcfcddd95453eabe5b93ed0e1", size = 146192 },
    { url = "https://files.pythonhosted.org/packages/b2/21/2b6b5b860781a0b49427309cb8670785aa543fb2178de875b87b9cc97746/charset_normalizer-3.4.1-cp312-cp312-win32.whl", hash = "sha256:9b23ca7ef998bc739bf6ffc077c2116917eabcc901f88da1b9856b210ef63f35", size = 95550 },
    { url = "https://files.pythonhosted.org/packages/21/5b/1b390b03b1d16c7e382b561c5329f83cc06623916aab983e8ab9239c7d5c/charset_normalizer-3.4.1-cp312-cp312-win_amd64.whl", hash = "sha256:6ff8a4a60c227ad87030d76e99cd1698345d4491638dfa6673027c48b3cd395f", size = 102785 },
    { url = "https://files.pythonhosted.org/packages/38/94/ce8e6f63d18049672c76d07d119304e1e2d7c6098f0841b51c666e9f44a0/charset_normalizer-3.4.1-cp313-cp313-macosx_10_13_universal2.whl", hash = "sha256:aabfa34badd18f1da5ec1bc2715cadc8dca465868a4e73a0173466b688f29dda", size = 195698 },
    { url = "https://files.pythonhosted.org/packages/24/2e/dfdd9770664aae179a96561cc6952ff08f9a8cd09a908f259a9dfa063568/charset_normalizer-3.4.1-cp313-cp313-manylinux_2_17_aarch64.manylinux2014_aarch64.whl", hash = "sha256:22e14b5d70560b8dd51ec22863f370d1e595ac3d024cb8ad7d308b4cd95f8313", size = 140162 },
    { url = "https://files.pythonhosted.org/packages/24/4e/f646b9093cff8fc86f2d60af2de4dc17c759de9d554f130b140ea4738ca6/charset_normalizer-3.4.1-cp313-cp313-manylinux_2_17_ppc64le.manylinux2014_ppc64le.whl", hash = "sha256:8436c508b408b82d87dc5f62496973a1805cd46727c34440b0d29d8a2f50a6c9", size = 150263 },
    { url = "https://files.pythonhosted.org/packages/5e/67/2937f8d548c3ef6e2f9aab0f6e21001056f692d43282b165e7c56023e6dd/charset_normalizer-3.4.1-cp313-cp313-manylinux_2_17_s390x.manylinux2014_s390x.whl", hash = "sha256:2d074908e1aecee37a7635990b2c6d504cd4766c7bc9fc86d63f9c09af3fa11b", size = 142966 },
    { url = "https://files.pythonhosted.org/packages/52/ed/b7f4f07de100bdb95c1756d3a4d17b90c1a3c53715c1a476f8738058e0fa/charset_normalizer-3.4.1-cp313-cp313-manylinux_2_17_x86_64.manylinux2014_x86_64.whl", hash = "sha256:955f8851919303c92343d2f66165294848d57e9bba6cf6e3625485a70a038d11", size = 144992 },
    { url = "https://files.pythonhosted.org/packages/96/2c/d49710a6dbcd3776265f4c923bb73ebe83933dfbaa841c5da850fe0fd20b/charset_normalizer-3.4.1-cp313-cp313-manylinux_2_5_i686.manylinux1_i686.manylinux_2_17_i686.manylinux2014_i686.whl", hash = "sha256:44ecbf16649486d4aebafeaa7ec4c9fed8b88101f4dd612dcaf65d5e815f837f", size = 147162 },
    { url = "https://files.pythonhosted.org/packages/b4/41/35ff1f9a6bd380303dea55e44c4933b4cc3c4850988927d4082ada230273/charset_normalizer-3.4.1-cp313-cp313-musllinux_1_2_aarch64.whl", hash = "sha256:0924e81d3d5e70f8126529951dac65c1010cdf117bb75eb02dd12339b57749dd", size = 140972 },
    { url = "https://files.pythonhosted.org/packages/fb/43/c6a0b685fe6910d08ba971f62cd9c3e862a85770395ba5d9cad4fede33ab/charset_normalizer-3.4.1-cp313-cp313-musllinux_1_2_i686.whl", hash = "sha256:2967f74ad52c3b98de4c3b32e1a44e32975e008a9cd2a8cc8966d6a5218c5cb2", size = 149095 },
    { url = "https://files.pythonhosted.org/packages/4c/ff/a9a504662452e2d2878512115638966e75633519ec11f25fca3d2049a94a/charset_normalizer-3.4.1-cp313-cp313-musllinux_1_2_ppc64le.whl", hash = "sha256:c75cb2a3e389853835e84a2d8fb2b81a10645b503eca9bcb98df6b5a43eb8886", size = 152668 },
    { url = "https://files.pythonhosted.org/packages/6c/71/189996b6d9a4b932564701628af5cee6716733e9165af1d5e1b285c530ed/charset_normalizer-3.4.1-cp313-cp313-musllinux_1_2_s390x.whl", hash = "sha256:09b26ae6b1abf0d27570633b2b078a2a20419c99d66fb2823173d73f188ce601", size = 150073 },
    { url = "https://files.pythonhosted.org/packages/e4/93/946a86ce20790e11312c87c75ba68d5f6ad2208cfb52b2d6a2c32840d922/charset_normalizer-3.4.1-cp313-cp313-musllinux_1_2_x86_64.whl", hash = "sha256:fa88b843d6e211393a37219e6a1c1df99d35e8fd90446f1118f4216e307e48cd", size = 145732 },
    { url = "https://files.pythonhosted.org/packages/cd/e5/131d2fb1b0dddafc37be4f3a2fa79aa4c037368be9423061dccadfd90091/charset_normalizer-3.4.1-cp313-cp313-win32.whl", hash = "sha256:eb8178fe3dba6450a3e024e95ac49ed3400e506fd4e9e5c32d30adda88cbd407", size = 95391 },
    { url = "https://files.pythonhosted.org/packages/27/f2/4f9a69cc7712b9b5ad8fdb87039fd89abba997ad5cbe690d1835d40405b0/charset_normalizer-3.4.1-cp313-cp313-win_amd64.whl", hash = "sha256:b1ac5992a838106edb89654e0aebfc24f5848ae2547d22c2c3f66454daa11971", size = 102702 },
    { url = "https://files.pythonhosted.org/packages/0e/f6/65ecc6878a89bb1c23a086ea335ad4bf21a588990c3f535a227b9eea9108/charset_normalizer-3.4.1-py3-none-any.whl", hash = "sha256:d98b1668f06378c6dbefec3b92299716b931cd4e6061f3c875a71ced1780ab85", size = 49767 },
]

[[package]]
name = "click"
version = "8.1.8"
source = { registry = "https://pypi.org/simple" }
dependencies = [
    { name = "colorama", marker = "sys_platform == 'win32'" },
]
sdist = { url = "https://files.pythonhosted.org/packages/b9/2e/0090cbf739cee7d23781ad4b89a9894a41538e4fcf4c31dcdd705b78eb8b/click-8.1.8.tar.gz", hash = "sha256:ed53c9d8990d83c2a27deae68e4ee337473f6330c040a31d4225c9574d16096a", size = 226593 }
wheels = [
    { url = "https://files.pythonhosted.org/packages/7e/d4/7ebdbd03970677812aac39c869717059dbb71a4cfc033ca6e5221787892c/click-8.1.8-py3-none-any.whl", hash = "sha256:63c132bbbed01578a06712a2d1f497bb62d9c1c0d329b7903a866228027263b2", size = 98188 },
]

[[package]]
name = "colorama"
version = "0.4.6"
source = { registry = "https://pypi.org/simple" }
sdist = { url = "https://files.pythonhosted.org/packages/d8/53/6f443c9a4a8358a93a6792e2acffb9d9d5cb0a5cfd8802644b7b1c9a02e4/colorama-0.4.6.tar.gz", hash = "sha256:08695f5cb7ed6e0531a20572697297273c47b8cae5a63ffc6d6ed5c201be6e44", size = 27697 }
wheels = [
    { url = "https://files.pythonhosted.org/packages/d1/d6/3965ed04c63042e047cb6a3e6ed1a63a35087b6a609aa3a15ed8ac56c221/colorama-0.4.6-py2.py3-none-any.whl", hash = "sha256:4f1d9991f5acc0ca119f9d443620b77f9d6b33703e51011c16baf57afb285fc6", size = 25335 },
]

[[package]]
name = "coverage"
version = "7.5.3"
source = { registry = "https://pypi.org/simple" }
sdist = { url = "https://files.pythonhosted.org/packages/6c/a5/62ae2dc1850feabb74207a422d00893f451ee0950e52792eb208970a30b1/coverage-7.5.3.tar.gz", hash = "sha256:04aefca5190d1dc7a53a4c1a5a7f8568811306d7a8ee231c42fb69215571944f", size = 786184 }
wheels = [
    { url = "https://files.pythonhosted.org/packages/a7/d0/13db7cfb493bfe778d76272cbc5feb5f6823395098c95a034ff948e92e6a/coverage-7.5.3-cp312-cp312-macosx_10_9_x86_64.whl", hash = "sha256:296a7d9bbc598e8744c00f7a6cecf1da9b30ae9ad51c566291ff1314e6cbbed8", size = 204464 },
    { url = "https://files.pythonhosted.org/packages/01/ab/6851d4be3a6b84ae094c7f0b1ffdfbea1ab4c8baec7caeb0fbf4bea4c386/coverage-7.5.3-cp312-cp312-macosx_11_0_arm64.whl", hash = "sha256:34d6d21d8795a97b14d503dcaf74226ae51eb1f2bd41015d3ef332a24d0a17b3", size = 204735 },
    { url = "https://files.pythonhosted.org/packages/9f/04/59e823c1a280e87418ffa4b25ce26c7a096615a71d49fa895df458e603c0/coverage-7.5.3-cp312-cp312-manylinux_2_17_aarch64.manylinux2014_aarch64.whl", hash = "sha256:8e317953bb4c074c06c798a11dbdd2cf9979dbcaa8ccc0fa4701d80042d4ebf1", size = 237047 },
    { url = "https://files.pythonhosted.org/packages/1c/7d/912c3d3e26b6dfeff59fc95870ef04b0c1c6d485d9b35f44e0ee60ec0710/coverage-7.5.3-cp312-cp312-manylinux_2_5_i686.manylinux1_i686.manylinux_2_17_i686.manylinux2014_i686.whl", hash = "sha256:705f3d7c2b098c40f5b81790a5fedb274113373d4d1a69e65f8b68b0cc26f6db", size = 234415 },
    { url = "https://files.pythonhosted.org/packages/0e/39/c44111cfc5e40fc1681a41b96911fba6560b51172b59c204b08b75d58495/coverage-7.5.3-cp312-cp312-manylinux_2_5_x86_64.manylinux1_x86_64.manylinux_2_17_x86_64.manylinux2014_x86_64.whl", hash = "sha256:b1196e13c45e327d6cd0b6e471530a1882f1017eb83c6229fc613cd1a11b53cd", size = 236350 },
    { url = "https://files.pythonhosted.org/packages/e5/d8/1fa23613b995a6c20087ccb9159e8ba881b17ba68ca0f684ef034e5493bf/coverage-7.5.3-cp312-cp312-musllinux_1_1_aarch64.whl", hash = "sha256:015eddc5ccd5364dcb902eaecf9515636806fa1e0d5bef5769d06d0f31b54523", size = 243293 },
    { url = "https://files.pythonhosted.org/packages/61/fa/a72c9a328e578f095b95b0eeb96334f3cfa0b76a4057c7217ea96a55b749/coverage-7.5.3-cp312-cp312-musllinux_1_1_i686.whl", hash = "sha256:fd27d8b49e574e50caa65196d908f80e4dff64d7e592d0c59788b45aad7e8b35", size = 241194 },
    { url = "https://files.pythonhosted.org/packages/48/f4/61b6e74aca0105ce12c38dd180eb4b5084695810bf2b53cd758ce845cec0/coverage-7.5.3-cp312-cp312-musllinux_1_1_x86_64.whl", hash = "sha256:33fc65740267222fc02975c061eb7167185fef4cc8f2770267ee8bf7d6a42f84", size = 242936 },
    { url = "https://files.pythonhosted.org/packages/ee/73/3682ffb23c3cf323b88d670af7f2001b31bcaa250c7eeab3220f2adb1721/coverage-7.5.3-cp312-cp312-win32.whl", hash = "sha256:7b2a19e13dfb5c8e145c7a6ea959485ee8e2204699903c88c7d25283584bfc08", size = 206771 },
    { url = "https://files.pythonhosted.org/packages/d8/86/a12c544cfa2ba5265f3bafa15283fe9e99aa773db216b6da94085cb48529/coverage-7.5.3-cp312-cp312-win_amd64.whl", hash = "sha256:0bbddc54bbacfc09b3edaec644d4ac90c08ee8ed4844b0f86227dcda2d428fcb", size = 207598 },
]

[[package]]
name = "fin-beachvolley"
version = "1.0.0"
source = { virtual = "." }
dependencies = [
    { name = "beautifulsoup4" },
    { name = "requests" },
]

[package.dev-dependencies]
dev = [
    { name = "autoimport" },
    { name = "coverage" },
    { name = "pytest" },
    { name = "ruff" },
]

[package.metadata]
requires-dist = [
    { name = "beautifulsoup4", specifier = "==4.12.3" },
    { name = "requests", specifier = "==2.32.3" },
]

[package.metadata.requires-dev]
dev = [
    { name = "autoimport", specifier = "==1.5.0" },
    { name = "coverage", specifier = "==7.5.3" },
    { name = "pytest", specifier = "==8.2.1" },
    { name = "ruff", specifier = "==0.4.7" },
]

[[package]]
name = "idna"
version = "3.10"
source = { registry = "https://pypi.org/simple" }
sdist = { url = "https://files.pythonhosted.org/packages/f1/70/7703c29685631f5a7590aa73f1f1d3fa9a380e654b86af429e0934a32f7d/idna-3.10.tar.gz", hash = "sha256:12f65c9b470abda6dc35cf8e63cc574b1c52b11df2c86030af0ac09b01b13ea9", size = 190490 }
wheels = [
    { url = "https://files.pythonhosted.org/packages/76/c6/c88e154df9c4e1a2a66ccf0005a88dfb2650c1dffb6f5ce603dfbd452ce3/idna-3.10-py3-none-any.whl", hash = "sha256:946d195a0d259cbba61165e88e65941f16e9b36ea6ddb97f00452bae8b1287d3", size = 70442 },
]

[[package]]
name = "iniconfig"
version = "2.0.0"
source = { registry = "https://pypi.org/simple" }
sdist = { url = "https://files.pythonhosted.org/packages/d7/4b/cbd8e699e64a6f16ca3a8220661b5f83792b3017d0f79807cb8708d33913/iniconfig-2.0.0.tar.gz", hash = "sha256:2d91e135bf72d31a410b17c16da610a82cb55f6b0477d1a902134b24a455b8b3", size = 4646 }
wheels = [
    { url = "https://files.pythonhosted.org/packages/ef/a6/62565a6e1cf69e10f5727360368e451d4b7f58beeac6173dc9db836a5b46/iniconfig-2.0.0-py3-none-any.whl", hash = "sha256:b6a85871a79d2e3b22d2d1b94ac2824226a63c6b741c88f7ae975f18b6778374", size = 5892 },
]

[[package]]
name = "maison"
version = "2.0.0"
source = { registry = "https://pypi.org/simple" }
dependencies = [
    { name = "click" },
    { name = "toml" },
]
sdist = { url = "https://files.pythonhosted.org/packages/2e/c5/c0574d47920f30eb84938bbe5220b249bde9b648b4517e1726e50a4b0967/maison-2.0.0.tar.gz", hash = "sha256:f5dafbbf4ce57bdb7cae128e075f457434b2cc9573b4f4bb4535f16d2ebd1cc5", size = 12074 }
wheels = [
    { url = "https://files.pythonhosted.org/packages/30/24/cd1e7447cc43aeaf3dd8a336d79876262ebf0fd003b73796ee78cad19cd3/maison-2.0.0-py3-none-any.whl", hash = "sha256:e684fbab833f0f049d6e3556a127b8c5abe7cd18620f5b751a483e103dc4cbb5", size = 10093 },
]

[[package]]
name = "packaging"
version = "24.2"
source = { registry = "https://pypi.org/simple" }
sdist = { url = "https://files.pythonhosted.org/packages/d0/63/68dbb6eb2de9cb10ee4c9c14a0148804425e13c4fb20d61cce69f53106da/packaging-24.2.tar.gz", hash = "sha256:c228a6dc5e932d346bc5739379109d49e8853dd8223571c7c5b55260edc0b97f", size = 163950 }
wheels = [
    { url = "https://files.pythonhosted.org/packages/88/ef/eb23f262cca3c0c4eb7ab1933c3b1f03d021f2c48f54763065b6f0e321be/packaging-24.2-py3-none-any.whl", hash = "sha256:09abb1bccd265c01f4a3aa3f7a7db064b36514d2cba19a2f694fe6150451a759", size = 65451 },
]

[[package]]
name = "pluggy"
version = "1.5.0"
source = { registry = "https://pypi.org/simple" }
sdist = { url = "https://files.pythonhosted.org/packages/96/2d/02d4312c973c6050a18b314a5ad0b3210edb65a906f868e31c111dede4a6/pluggy-1.5.0.tar.gz", hash = "sha256:2cffa88e94fdc978c4c574f15f9e59b7f4201d439195c3715ca9e2486f1d0cf1", size = 67955 }
wheels = [
    { url = "https://files.pythonhosted.org/packages/88/5f/e351af9a41f866ac3f1fac4ca0613908d9a41741cfcf2228f4ad853b697d/pluggy-1.5.0-py3-none-any.whl", hash = "sha256:44e1ad92c8ca002de6377e165f3e0f1be63266ab4d554740532335b9d75ea669", size = 20556 },
]

[[package]]
name = "pyflakes"
version = "3.2.0"
source = { registry = "https://pypi.org/simple" }
sdist = { url = "https://files.pythonhosted.org/packages/57/f9/669d8c9c86613c9d568757c7f5824bd3197d7b1c6c27553bc5618a27cce2/pyflakes-3.2.0.tar.gz", hash = "sha256:1c61603ff154621fb2a9172037d84dca3500def8c8b630657d1701f026f8af3f", size = 63788 }
wheels = [
    { url = "https://files.pythonhosted.org/packages/d4/d7/f1b7db88d8e4417c5d47adad627a93547f44bdc9028372dbd2313f34a855/pyflakes-3.2.0-py2.py3-none-any.whl", hash = "sha256:84b5be138a2dfbb40689ca07e2152deb896a65c3a3e24c251c5c62489568074a", size = 62725 },
]

[[package]]
name = "pyprojroot"
version = "0.3.0"
source = { registry = "https://pypi.org/simple" }
dependencies = [
    { name = "typing-extensions" },
]
sdist = { url = "https://files.pythonhosted.org/packages/ec/7f/d04044efe4acc4185db1174209fadac33cc21c015ed0d6bef8884c9fa808/pyprojroot-0.3.0.tar.gz", hash = "sha256:109705bb790968704958efcfc5ccce85d8e3dafa054897cc81371fcbbf56cb10", size = 6287 }
wheels = [
    { url = "https://files.pythonhosted.org/packages/53/9b/eef01392be945c0fe86a8d084ba9188b1e2b22af037d7109b9f40a962cd0/pyprojroot-0.3.0-py3-none-any.whl", hash = "sha256:c426b51b17ab4f4d4f95b479cf5b6c22df59bb58fbd4f01b37a6977d29b99888", size = 7558 },
]

[[package]]
name = "pytest"
version = "8.2.1"
source = { registry = "https://pypi.org/simple" }
dependencies = [
    { name = "colorama", marker = "sys_platform == 'win32'" },
    { name = "iniconfig" },
    { name = "packaging" },
    { name = "pluggy" },
]
sdist = { url = "https://files.pythonhosted.org/packages/cf/4e/0ceea141f0e5d09de4053c5338c62615ae2bd9bd3f013813f5ec62e3cf97/pytest-8.2.1.tar.gz", hash = "sha256:5046e5b46d8e4cac199c373041f26be56fdb81eb4e67dc11d4e10811fc3408fd", size = 1424649 }
wheels = [
    { url = "https://files.pythonhosted.org/packages/b4/c1/27a1274b73712232328cb5115030057b7dec377f36a518c83f2e01d4f305/pytest-8.2.1-py3-none-any.whl", hash = "sha256:faccc5d332b8c3719f40283d0d44aa5cf101cec36f88cde9ed8f2bc0538612b1", size = 339593 },
]

[[package]]
name = "requests"
version = "2.32.3"
source = { registry = "https://pypi.org/simple" }
dependencies = [
    { name = "certifi" },
    { name = "charset-normalizer" },
    { name = "idna" },
    { name = "urllib3" },
]
sdist = { url = "https://files.pythonhosted.org/packages/63/70/2bf7780ad2d390a8d301ad0b550f1581eadbd9a20f896afe06353c2a2913/requests-2.32.3.tar.gz", hash = "sha256:55365417734eb18255590a9ff9eb97e9e1da868d4ccd6402399eaf68af20a760", size = 131218 }
wheels = [
    { url = "https://files.pythonhosted.org/packages/f9/9b/335f9764261e915ed497fcdeb11df5dfd6f7bf257d4a6a2a686d80da4d54/requests-2.32.3-py3-none-any.whl", hash = "sha256:70761cfe03c773ceb22aa2f671b4757976145175cdfca038c02654d061d6dcc6", size = 64928 },
]

[[package]]
name = "ruff"
version = "0.4.7"
source = { registry = "https://pypi.org/simple" }
sdist = { url = "https://files.pythonhosted.org/packages/86/fd/37b826d297b29f8ed049f9739e111d0b8eb5268e47efc0f19462fb977b90/ruff-0.4.7.tar.gz", hash = "sha256:2331d2b051dc77a289a653fcc6a42cce357087c5975738157cd966590b18b5e1", size = 2549974 }
wheels = [
    { url = "https://files.pythonhosted.org/packages/e2/e4/3274746201eb4d31f5846a07d40795eae0e5b6aeae8965a99b26af585a56/ruff-0.4.7-py3-none-macosx_10_12_x86_64.whl", hash = "sha256:e089371c67892a73b6bb1525608e89a2aca1b77b5440acf7a71dda5dac958f9e", size = 8556935 },
    { url = "https://files.pythonhosted.org/packages/d5/d3/023af8521e45d171746f5715dd98946fa5fbe24c4e99fe3f3ae689335224/ruff-0.4.7-py3-none-macosx_11_0_arm64.whl", hash = "sha256:10f973d521d910e5f9c72ab27e409e839089f955be8a4c8826601a6323a89753", size = 8186671 },
    { url = "https://files.pythonhosted.org/packages/77/5b/46d3ffefafa5d7436352d1ca918122fe290c3cfbcb53c34aa67d338b3ac2/ruff-0.4.7-py3-none-manylinux_2_17_aarch64.manylinux2014_aarch64.whl", hash = "sha256:59c3d110970001dfa494bcd95478e62286c751126dfb15c3c46e7915fc49694f", size = 8208662 },
    { url = "https://files.pythonhosted.org/packages/9c/9e/e59f95cb81ee84a47c143a630063030e2369d267cd118f76c06e5e209168/ruff-0.4.7-py3-none-manylinux_2_17_armv7l.manylinux2014_armv7l.whl", hash = "sha256:fa9773c6c00f4958f73b317bc0fd125295110c3776089f6ef318f4b775f0abe4", size = 7597653 },
    { url = "https://files.pythonhosted.org/packages/7b/ed/e406117d88178b970eb1f363d9dd81d39e685be516fd65e722e3e37e76b0/ruff-0.4.7-py3-none-manylinux_2_17_i686.manylinux2014_i686.whl", hash = "sha256:07fc80bbb61e42b3b23b10fda6a2a0f5a067f810180a3760c5ef1b456c21b9db", size = 8776122 },
    { url = "https://files.pythonhosted.org/packages/5d/77/e83c88d806be0bc57b9b376bb021cf154466127e382d39cb0efeb62e3f29/ruff-0.4.7-py3-none-manylinux_2_17_ppc64.manylinux2014_ppc64.whl", hash = "sha256:fa4dafe3fe66d90e2e2b63fa1591dd6e3f090ca2128daa0be33db894e6c18648", size = 9501274 },
    { url = "https://files.pythonhosted.org/packages/7b/55/242f0cf3db7aacf8dcb402a25f901353f4f6f5f8c5e04542c64cfcb9b42c/ruff-0.4.7-py3-none-manylinux_2_17_ppc64le.manylinux2014_ppc64le.whl", hash = "sha256:a7c0083febdec17571455903b184a10026603a1de078428ba155e7ce9358c5f6", size = 9081583 },
    { url = "https://files.pythonhosted.org/packages/f4/01/54943fc17f4c3ebb256fd5ad5b2b6d19fb0676ee12968da91db6cf2409ff/ruff-0.4.7-py3-none-manylinux_2_17_s390x.manylinux2014_s390x.whl", hash = "sha256:ad1b20e66a44057c326168437d680a2166c177c939346b19c0d6b08a62a37589", size = 10205224 },
    { url = "https://files.pythonhosted.org/packages/c2/ad/e8a251c07e67ef4f760e473ec612e42502a83f294fe44aca3aafb4e08f8b/ruff-0.4.7-py3-none-manylinux_2_17_x86_64.manylinux2014_x86_64.whl", hash = "sha256:cbf5d818553add7511c38b05532d94a407f499d1a76ebb0cad0374e32bc67202", size = 8803303 },
    { url = "https://files.pythonhosted.org/packages/58/a4/6a2ece523f1d3ccd125b5f1db38a11fcaa252cc452d4c582e4cc27293ec6/ruff-0.4.7-py3-none-musllinux_1_2_aarch64.whl", hash = "sha256:50e9651578b629baec3d1513b2534de0ac7ed7753e1382272b8d609997e27e83", size = 8116589 },
    { url = "https://files.pythonhosted.org/packages/0f/77/3ad58c9fb2ea6390e2d29c3595119d86ac6fda8187f16e1e5b5066220c2e/ruff-0.4.7-py3-none-musllinux_1_2_armv7l.whl", hash = "sha256:8874a9df7766cb956b218a0a239e0a5d23d9e843e4da1e113ae1d27ee420877a", size = 7589687 },
    { url = "https://files.pythonhosted.org/packages/5f/d3/f9b2eb5f633790508e203f4d6574c23e3161d0fff4ca0bfe9da19e3e6e8c/ruff-0.4.7-py3-none-musllinux_1_2_i686.whl", hash = "sha256:b9de9a6e49f7d529decd09381c0860c3f82fa0b0ea00ea78409b785d2308a567", size = 8379595 },
    { url = "https://files.pythonhosted.org/packages/55/db/d8d9a8f582ae0ea81181131ff8d092a5fb3e7e4b4781f4ddd51f0793bf4f/ruff-0.4.7-py3-none-musllinux_1_2_x86_64.whl", hash = "sha256:13a1768b0691619822ae6d446132dbdfd568b700ecd3652b20d4e8bc1e498f78", size = 8858060 },
    { url = "https://files.pythonhosted.org/packages/2f/57/9e7a6bc709063936d0c2b7ce20ee38c16adaab38034b1a5e80b71ec3f950/ruff-0.4.7-py3-none-win32.whl", hash = "sha256:769e5a51df61e07e887b81e6f039e7ed3573316ab7dd9f635c5afaa310e4030e", size = 7826212 },
    { url = "https://files.pythonhosted.org/packages/3b/86/278330ead9f978549130e582457d2a6edfaf0577d463bd589ed8cf9f084e/ruff-0.4.7-py3-none-win_amd64.whl", hash = "sha256:9e3ab684ad403a9ed1226894c32c3ab9c2e0718440f6f50c7c5829932bc9e054", size = 8609712 },
    { url = "https://files.pythonhosted.org/packages/fb/e4/174f07c5622df74cc8917b7c3c5eac92ca063e7728e95048010b7314e9df/ruff-0.4.7-py3-none-win_arm64.whl", hash = "sha256:10f2204b9a613988e3484194c2c9e96a22079206b22b787605c255f130db5ed7", size = 7993707 },
]

[[package]]
name = "sh"
version = "2.2.2"
source = { registry = "https://pypi.org/simple" }
sdist = { url = "https://files.pythonhosted.org/packages/59/52/f43920223c93e31874677c681b8603d36a40d3d8502d3a37f80d3995d43e/sh-2.2.2.tar.gz", hash = "sha256:653227a7c41a284ec5302173fbc044ee817c7bad5e6e4d8d55741b9aeb9eb65b", size = 345866 }
wheels = [
    { url = "https://files.pythonhosted.org/packages/70/98/d82f14ac7ffedbd38dfa2383f142b26d18d23ca6cf35a40f4af60df666bd/sh-2.2.2-py3-none-any.whl", hash = "sha256:e0b15b4ae8ffcd399bc8ffddcbd770a43c7a70a24b16773fbb34c001ad5d52af", size = 38295 },
]

[[package]]
name = "soupsieve"
version = "2.6"
source = { registry = "https://pypi.org/simple" }
sdist = { url = "https://files.pythonhosted.org/packages/d7/ce/fbaeed4f9fb8b2daa961f90591662df6a86c1abf25c548329a86920aedfb/soupsieve-2.6.tar.gz", hash = "sha256:e2e68417777af359ec65daac1057404a3c8a5455bb8abc36f1a9866ab1a51abb", size = 101569 }
wheels = [
    { url = "https://files.pythonhosted.org/packages/d1/c2/fe97d779f3ef3b15f05c94a2f1e3d21732574ed441687474db9d342a7315/soupsieve-2.6-py3-none-any.whl", hash = "sha256:e72c4ff06e4fb6e4b5a9f0f55fe6e81514581fca1515028625d0f299c602ccc9", size = 36186 },
]

[[package]]
name = "toml"
version = "0.10.2"
source = { registry = "https://pypi.org/simple" }
sdist = { url = "https://files.pythonhosted.org/packages/be/ba/1f744cdc819428fc6b5084ec34d9b30660f6f9daaf70eead706e3203ec3c/toml-0.10.2.tar.gz", hash = "sha256:b3bda1d108d5dd99f4a20d24d9c348e91c4db7ab1b749200bded2f839ccbe68f", size = 22253 }
wheels = [
    { url = "https://files.pythonhosted.org/packages/44/6f/7120676b6d73228c96e17f1f794d8ab046fc910d781c8d151120c3f1569e/toml-0.10.2-py2.py3-none-any.whl", hash = "sha256:806143ae5bfb6a3c6e736a764057db0e6a0e05e338b5630894a5f779cabb4f9b", size = 16588 },
]

[[package]]
name = "typing-extensions"
version = "4.12.2"
source = { registry = "https://pypi.org/simple" }
sdist = { url = "https://files.pythonhosted.org/packages/df/db/f35a00659bc03fec321ba8bce9420de607a1d37f8342eee1863174c69557/typing_extensions-4.12.2.tar.gz", hash = "sha256:1a7ead55c7e559dd4dee8856e3a88b41225abfe1ce8df57b7c13915fe121ffb8", size = 85321 }
wheels = [
    { url = "https://files.pythonhosted.org/packages/26/9f/ad63fc0248c5379346306f8668cda6e2e2e9c95e01216d2b8ffd9ff037d0/typing_extensions-4.12.2-py3-none-any.whl", hash = "sha256:04e5ca0351e0f3f85c6853954072df659d0d13fac324d0072316b67d7794700d", size = 37438 },
]

[[package]]
name = "urllib3"
version = "2.3.0"
source = { registry = "https://pypi.org/simple" }
sdist = { url = "https://files.pythonhosted.org/packages/aa/63/e53da845320b757bf29ef6a9062f5c669fe997973f966045cb019c3f4b66/urllib3-2.3.0.tar.gz", hash = "sha256:f8c5449b3cf0861679ce7e0503c7b44b5ec981bec0d1d3795a07f1ba96f0204d", size = 307268 }
wheels = [
    { url = "https://files.pythonhosted.org/packages/c8/19/4ec628951a74043532ca2cf5d97b7b14863931476d117c471e8e2b1eb39f/urllib3-2.3.0-py3-none-any.whl", hash = "sha256:1cee9ad369867bfdbbb48b7dd50374c0967a0bb7710050facf0dd6911440e3df", size = 128369 },
]

[[package]]
name = "xdg"
version = "6.0.0"
source = { registry = "https://pypi.org/simple" }
sdist = { url = "https://files.pythonhosted.org/packages/2a/b9/0e6e6f19fb75cf5e1758f4f33c1256738f718966700cffc0fde2f966218b/xdg-6.0.0.tar.gz", hash = "sha256:24278094f2d45e846d1eb28a2ebb92d7b67fc0cab5249ee3ce88c95f649a1c92", size = 3453 }
wheels = [
    { url = "https://files.pythonhosted.org/packages/dd/54/3516c1cf349060fc3578686d271eba242f10ec00b4530c2985af9faac49b/xdg-6.0.0-py3-none-any.whl", hash = "sha256:df3510755b4395157fc04fc3b02467c777f3b3ca383257397f09ab0d4c16f936", size = 3855 },
]
